github.com/leisure-tools/document v0.0.10 h1:zqAgkKAIVc1P5CyQUhHXo6ou5ddxjl1xWSy3OrLJAFU=
github.com/leisure-tools/document v0.0.10/go.mod h1:bPxFioIrZHtSHbC+QN2xcfTbaJ0IKwo6CnQlT2ZKUuE=
github.com/leisure-tools/history v0.0.0 h1:eNkn8w5gvpgPMG4qhSxnnZbCTcNIBVxIAcAYzwF2b14=
github.com/leisure-tools/history v0.0.0/go.mod h1:vhZKsdINKf6f0AZ8zZjiLStMUoX5G85EnfEghUfYsJg=
github.com/leisure-tools/lazyfingertree v0.0.11 h1:15VFQurfIoJYqpbRZl6pV1iHsD7xHOwrlgzALdAMCZI=
github.com/leisure-tools/lazyfingertree v0.0.11/go.mod h1:Hdkw7KtXYaRIcEVboWt8n+FviUgsRBxIwBflAXt6tgY=
